
Microsoft Visual Studio Solution File, Format Version 12.00
# Visual Studio 14
VisualStudioVersion = 14.0.24720.0
MinimumVisualStudioVersion = 10.0.40219.1
Project("{FAE04EC0-301F-11D3-BF4B-00C04F79EFBC}") = "zadania z listy 4", "zadania z listy 4\zadania z listy 4.csproj", "{E070FC5D-7944-4EA4-B8B8-00707648318D}"
EndProject
Global
	GlobalSection(SolutionConfigurationPlatforms) = preSolution
		Debug|Any CPU = Debug|Any CPU
		Release|Any CPU = Release|Any CPU
	EndGlobalSection
	GlobalSection(ProjectConfigurationPlatforms) = postSolution
		{E070FC5D-7944-4EA4-B8B8-00707648318D}.Debug|Any CPU.ActiveCfg = Debug|Any CPU
		{E070FC5D-7944-4EA4-B8B8-00707648318D}.Debug|Any CPU.Build.0 = Debug|Any CPU
		{E070FC5D-7944-4EA4-B8B8-00707648318D}.Release|Any CPU.ActiveCfg = Release|Any CPU
		{E070FC5D-7944-4EA4-B8B8-00707648318D}.Release|Any CPU.Build.0 = Release|Any CPU
	EndGlobalSection
	GlobalSection(SolutionProperties) = preSolution
		HideSolutionNode = FALSE
	EndGlobalSection
EndGlobal
