
Microsoft Visual Studio Solution File, Format Version 12.00
# Visual Studio 14
VisualStudioVersion = 14.0.24720.0
MinimumVisualStudioVersion = 10.0.40219.1
Project("{FAE04EC0-301F-11D3-BF4B-00C04F79EFBC}") = "zadania z listy 2", "zadania z listy 2\zadania z listy 2.csproj", "{0ACF3C94-FD1F-4850-9315-97041DC0D71B}"
EndProject
Global
	GlobalSection(SolutionConfigurationPlatforms) = preSolution
		Debug|Any CPU = Debug|Any CPU
		Release|Any CPU = Release|Any CPU
	EndGlobalSection
	GlobalSection(ProjectConfigurationPlatforms) = postSolution
		{0ACF3C94-FD1F-4850-9315-97041DC0D71B}.Debug|Any CPU.ActiveCfg = Debug|Any CPU
		{0ACF3C94-FD1F-4850-9315-97041DC0D71B}.Debug|Any CPU.Build.0 = Debug|Any CPU
		{0ACF3C94-FD1F-4850-9315-97041DC0D71B}.Release|Any CPU.ActiveCfg = Release|Any CPU
		{0ACF3C94-FD1F-4850-9315-97041DC0D71B}.Release|Any CPU.Build.0 = Release|Any CPU
	EndGlobalSection
	GlobalSection(SolutionProperties) = preSolution
		HideSolutionNode = FALSE
	EndGlobalSection
EndGlobal
