
Microsoft Visual Studio Solution File, Format Version 12.00
# Visual Studio 14
VisualStudioVersion = 14.0.24720.0
MinimumVisualStudioVersion = 10.0.40219.1
Project("{FAE04EC0-301F-11D3-BF4B-00C04F79EFBC}") = "zadania z listy 3", "zadania z listy 3\zadania z listy 3.csproj", "{4D9FC798-D8E5-4755-BCDF-0EB6765CC179}"
EndProject
Global
	GlobalSection(SolutionConfigurationPlatforms) = preSolution
		Debug|Any CPU = Debug|Any CPU
		Release|Any CPU = Release|Any CPU
	EndGlobalSection
	GlobalSection(ProjectConfigurationPlatforms) = postSolution
		{4D9FC798-D8E5-4755-BCDF-0EB6765CC179}.Debug|Any CPU.ActiveCfg = Debug|Any CPU
		{4D9FC798-D8E5-4755-BCDF-0EB6765CC179}.Debug|Any CPU.Build.0 = Debug|Any CPU
		{4D9FC798-D8E5-4755-BCDF-0EB6765CC179}.Release|Any CPU.ActiveCfg = Release|Any CPU
		{4D9FC798-D8E5-4755-BCDF-0EB6765CC179}.Release|Any CPU.Build.0 = Release|Any CPU
	EndGlobalSection
	GlobalSection(SolutionProperties) = preSolution
		HideSolutionNode = FALSE
	EndGlobalSection
EndGlobal
